{
  "requires": true,
  "lockfileVersion": 1,
  "dependencies": {
    "@auth0/angular-jwt": {
      "version": "5.1.2",
      "resolved": "https://registry.npmjs.org/@auth0/angular-jwt/-/angular-jwt-5.1.2.tgz",
      "integrity": "sha512-8ulz24cPpEkZb9/AdAaWfYIkomQDbZqvB9LproF/48Klnr30EJx09AYF9sbKTN4qLSgIZSlCb/Y7XQJZ51vSzA==",
      "requires": {
        "tslib": "^2.0.0"
      }
    },
    "tslib": {
      "version": "2.5.0",
      "resolved": "https://registry.npmjs.org/tslib/-/tslib-2.5.0.tgz",
      "integrity": "sha512-336iVw3rtn2BUK7ORdIAHTyxHGRIHVReokCR3XjbckJMK7ms8FysBfhLR8IXnAgy7T0PTPNBWKiH514FOW/WSg=="
    }
  }
}
